dependencies:
- name: opentelemetry-collector
  repository: https://open-telemetry.github.io/opentelemetry-helm-charts
  version: 0.112.0
- name: opentelemetry-operator
  repository: https://open-telemetry.github.io/opentelemetry-helm-charts
  version: 0.74.3
- name: kube-prometheus-stack
  repository: https://prometheus-community.github.io/helm-charts
  version: 83.4.0
- name: redpanda
  repository: https://charts.redpanda.com/
  version: 5.9.31
digest: sha256:7ae9ec5e3b4b85e85c835fadb9c16b1287df4202491ca43c12cdf7fbbd178348
generated: "2026-04-12T23:46:33.186184529-04:00"
