dependencies:
- name: opentelemetry-collector
  repository: https://open-telemetry.github.io/opentelemetry-helm-charts
  version: 0.112.0
- name: opentelemetry-operator
  repository: https://open-telemetry.github.io/opentelemetry-helm-charts
  version: 0.74.3
- name: kube-prometheus-stack
  repository: https://prometheus-community.github.io/helm-charts
  version: 83.4.0
digest: sha256:02ea7e6503a406c94c507c14ca8e20c6441abc2711d206b5cd839147b90b0612
generated: "2026-04-10T16:22:03.501561635-04:00"
